Microsoft Visual Studio Solution File, Format Version 12.00
# Visual Studio Version 17
VisualStudioVersion = 17.5.2.0
MinimumVisualStudioVersion = 10.0.40219.1
Project("{FAE04EC0-301F-11D3-BF4B-00C04F79EFBC}") = "Shoe_store", "Shoe_store.csproj", "{EE835BD5-F438-86B0-C002-FAF307163A48}"
EndProject
Global
	GlobalSection(SolutionConfigurationPlatforms) = preSolution
		Debug|Any CPU = Debug|Any CPU
		Release|Any CPU = Release|Any CPU
	EndGlobalSection
	GlobalSection(ProjectConfigurationPlatforms) = postSolution
		{EE835BD5-F438-86B0-C002-FAF307163A48}.Debug|Any CPU.ActiveCfg = Debug|Any CPU
		{EE835BD5-F438-86B0-C002-FAF307163A48}.Debug|Any CPU.Build.0 = Debug|Any CPU
		{EE835BD5-F438-86B0-C002-FAF307163A48}.Release|Any CPU.ActiveCfg = Release|Any CPU
		{EE835BD5-F438-86B0-C002-FAF307163A48}.Release|Any CPU.Build.0 = Release|Any CPU
	EndGlobalSection
	GlobalSection(SolutionProperties) = preSolution
		HideSolutionNode = FALSE
	EndGlobalSection
	GlobalSection(ExtensibilityGlobals) = postSolution
		SolutionGuid = {4680E9CC-D5F0-4F8E-9529-6FA7E147CC23}
	EndGlobalSection
EndGlobal
